// !$*UTF8*$!
{
	archiveVersion = 1;
	classes = {
	};
	objectVersion = 55;
	objects = {

/* Begin PBXBuildFile section */
		B46CFC4127A5AEA80018A164 /* MainQueueDispatchDecorator.swift in Sources */ = {isa = PBXBuildFile; fileRef = B46CFC2227A5AEA80018A164 /* MainQueueDispatchDecorator.swift */; };
		B46CFC4227A5AEA80018A164 /* UIComposer.swift in Sources */ = {isa = PBXBuildFile; fileRef = B46CFC2327A5AEA80018A164 /* UIComposer.swift */; };
		B46CFC4427A5AEA80018A164 /* ErrorView.swift in Sources */ = {isa = PBXBuildFile; fileRef = B46CFC2627A5AEA80018A164 /* ErrorView.swift */; };
		B46CFC4527A5AEA80018A164 /* WeatherViewModel.swift in Sources */ = {isa = PBXBuildFile; fileRef = B46CFC2827A5AEA80018A164 /* WeatherViewModel.swift */; };
		B46CFC4627A5AEA80018A164 /* WeatherViewController.swift in Sources */ = {isa = PBXBuildFile; fileRef = B46CFC2927A5AEA80018A164 /* WeatherViewController.swift */; };
		B46CFC4727A5AEA80018A164 /* Weather.storyboard in Resources */ = {isa = PBXBuildFile; fileRef = B46CFC2A27A5AEA80018A164 /* Weather.storyboard */; };
		B46CFC4827A5AEA80018A164 /* WeatherCell.swift in Sources */ = {isa = PBXBuildFile; fileRef = B46CFC2C27A5AEA80018A164 /* WeatherCell.swift */; };
		B46CFC4927A5AEA80018A164 /* Localized.swift in Sources */ = {isa = PBXBuildFile; fileRef = B46CFC2E27A5AEA80018A164 /* Localized.swift */; };
		B46CFC4A27A5AEA80018A164 /* Assets.xcassets in Resources */ = {isa = PBXBuildFile; fileRef = B46CFC2F27A5AEA80018A164 /* Assets.xcassets */; };
		B46CFC4C27A5AEA80018A164 /* LaunchScreen.storyboard in Resources */ = {isa = PBXBuildFile; fileRef = B46CFC3127A5AEA80018A164 /* LaunchScreen.storyboard */; };
		B46CFC4D27A5AEA80018A164 /* WeatherLoader.swift in Sources */ = {isa = PBXBuildFile; fileRef = B46CFC3427A5AEA80018A164 /* WeatherLoader.swift */; };
		B46CFC4E27A5AEA80018A164 /* ConditionType.swift in Sources */ = {isa = PBXBuildFile; fileRef = B46CFC3627A5AEA80018A164 /* ConditionType.swift */; };
		B46CFC4F27A5AEA80018A164 /* Weather.swift in Sources */ = {isa = PBXBuildFile; fileRef = B46CFC3727A5AEA80018A164 /* Weather.swift */; };
		B46CFC5327A5AEA80018A164 /* AppDelegate.swift in Sources */ = {isa = PBXBuildFile; fileRef = B46CFC3F27A5AEA80018A164 /* AppDelegate.swift */; };
		B4FB727727A5B21500F76093 /* WeatherMapper.swift in Sources */ = {isa = PBXBuildFile; fileRef = B4FB727627A5B21500F76093 /* WeatherMapper.swift */; };
		B4FB727927A5B25100F76093 /* HTTPClient.swift in Sources */ = {isa = PBXBuildFile; fileRef = B4FB727827A5B25100F76093 /* HTTPClient.swift */; };
		B4FB727A27A5B72700F76093 /* Weather.strings in Resources */ = {isa = PBXBuildFile; fileRef = B4FB727C27A5B72700F76093 /* Weather.strings */; };
/* End PBXBuildFile section */

/* Begin PBXFileReference section */
		B46CFC2227A5AEA80018A164 /* MainQueueDispatchDecorator.swift */ = {isa = PBXFileReference; fileEncoding = 4; lastKnownFileType = sourcecode.swift; path = MainQueueDispatchDecorator.swift; sourceTree = "<group>"; };
		B46CFC2327A5AEA80018A164 /* UIComposer.swift */ = {isa = PBXFileReference; fileEncoding = 4; lastKnownFileType = sourcecode.swift; path = UIComposer.swift; sourceTree = "<group>"; };
		B46CFC2627A5AEA80018A164 /* ErrorView.swift */ = {isa = PBXFileReference; fileEncoding = 4; lastKnownFileType = sourcecode.swift; path = ErrorView.swift; sourceTree = "<group>"; };
		B46CFC2827A5AEA80018A164 /* WeatherViewModel.swift */ = {isa = PBXFileReference; fileEncoding = 4; lastKnownFileType = sourcecode.swift; path = WeatherViewModel.swift; sourceTree = "<group>"; };
		B46CFC2927A5AEA80018A164 /* WeatherViewController.swift */ = {isa = PBXFileReference; fileEncoding = 4; lastKnownFileType = sourcecode.swift; path = WeatherViewController.swift; sourceTree = "<group>"; };
		B46CFC2A27A5AEA80018A164 /* Weather.storyboard */ = {isa = PBXFileReference; fileEncoding = 4; lastKnownFileType = file.storyboard; path = Weather.storyboard; sourceTree = "<group>"; };
		B46CFC2C27A5AEA80018A164 /* WeatherCell.swift */ = {isa = PBXFileReference; fileEncoding = 4; lastKnownFileType = sourcecode.swift; path = WeatherCell.swift; sourceTree = "<group>"; };
		B46CFC2E27A5AEA80018A164 /* Localized.swift */ = {isa = PBXFileReference; fileEncoding = 4; lastKnownFileType = sourcecode.swift; path = Localized.swift; sourceTree = "<group>"; };
		B46CFC2F27A5AEA80018A164 /* Assets.xcassets */ = {isa = PBXFileReference; lastKnownFileType = folder.assetcatalog; path = Assets.xcassets; sourceTree = "<group>"; };
		B46CFC3227A5AEA80018A164 /* Base */ = {isa = PBXFileReference; lastKnownFileType = file.storyboard; name = Base; path = Base.lproj/LaunchScreen.storyboard; sourceTree = "<group>"; };
		B46CFC3427A5AEA80018A164 /* WeatherLoader.swift */ = {isa = PBXFileReference; fileEncoding = 4; lastKnownFileType = sourcecode.swift; path = WeatherLoader.swift; sourceTree = "<group>"; };
		B46CFC3627A5AEA80018A164 /* ConditionType.swift */ = {isa = PBXFileReference; fileEncoding = 4; lastKnownFileType = sourcecode.swift; path = ConditionType.swift; sourceTree = "<group>"; };
		B46CFC3727A5AEA80018A164 /* Weather.swift */ = {isa = PBXFileReference; fileEncoding = 4; lastKnownFileType = sourcecode.swift; path = Weather.swift; sourceTree = "<group>"; };
		B46CFC3F27A5AEA80018A164 /* AppDelegate.swift */ = {isa = PBXFileReference; fileEncoding = 4; lastKnownFileType = sourcecode.swift; path = AppDelegate.swift; sourceTree = "<group>"; };
		B46CFC4027A5AEA80018A164 /* Info.plist */ = {isa = PBXFileReference; fileEncoding = 4; lastKnownFileType = text.plist.xml; path = Info.plist; sourceTree = "<group>"; };
		B4E4805E278B698B00097998 /* MyWeatherApp.app */ = {isa = PBXFileReference; explicitFileType = wrapper.application; includeInIndex = 0; path = MyWeatherApp.app; sourceTree = BUILT_PRODUCTS_DIR; };
		B4FB727627A5B21500F76093 /* WeatherMapper.swift */ = {isa = PBXFileReference; lastKnownFileType = sourcecode.swift; path = WeatherMapper.swift; sourceTree = "<group>"; };
		B4FB727827A5B25100F76093 /* HTTPClient.swift */ = {isa = PBXFileReference; lastKnownFileType = sourcecode.swift; path = HTTPClient.swift; sourceTree = "<group>"; };
		B4FB727B27A5B72700F76093 /* en */ = {isa = PBXFileReference; lastKnownFileType = text.plist.strings; name = en; path = en.lproj/Weather.strings; sourceTree = "<group>"; };
		B4FB727D27A5B73900F76093 /* pt-BR */ = {isa = PBXFileReference; lastKnownFileType = text.plist.strings; name = "pt-BR"; path = "pt-BR.lproj/Weather.strings"; sourceTree = "<group>"; };
/* End PBXFileReference section */

/* Begin PBXFrameworksBuildPhase section */
		B4E4805B278B698B00097998 /* Frameworks */ = {
			isa = PBXFrameworksBuildPhase;
			buildActionMask = 2147483647;
			files = (
			);
			runOnlyForDeploymentPostprocessing = 0;
		};
/* End PBXFrameworksBuildPhase section */

/* Begin PBXGroup section */
		B46CFC1F27A5AEA80018A164 /* MyWeatherApp */ = {
			isa = PBXGroup;
			children = (
				B46CFC3527A5AEA80018A164 /* Model */,
				B46CFC3327A5AEA80018A164 /* WeatherAPI */,
				B46CFC2027A5AEA80018A164 /* UI */,
				B46CFC2D27A5AEA80018A164 /* Resources */,
				B46CFC3F27A5AEA80018A164 /* AppDelegate.swift */,
				B46CFC4027A5AEA80018A164 /* Info.plist */,
			);
			path = MyWeatherApp;
			sourceTree = "<group>";
		};
		B46CFC2027A5AEA80018A164 /* UI */ = {
			isa = PBXGroup;
			children = (
				B46CFC2127A5AEA80018A164 /* Composers */,
				B46CFC2427A5AEA80018A164 /* ErrorView */,
				B46CFC2727A5AEA80018A164 /* WeatherView */,
				B46CFC2B27A5AEA80018A164 /* WeatherCell */,
			);
			path = UI;
			sourceTree = "<group>";
		};
		B46CFC2127A5AEA80018A164 /* Composers */ = {
			isa = PBXGroup;
			children = (
				B46CFC2327A5AEA80018A164 /* UIComposer.swift */,
				B46CFC2227A5AEA80018A164 /* MainQueueDispatchDecorator.swift */,
			);
			path = Composers;
			sourceTree = "<group>";
		};
		B46CFC2427A5AEA80018A164 /* ErrorView */ = {
			isa = PBXGroup;
			children = (
				B46CFC2627A5AEA80018A164 /* ErrorView.swift */,
			);
			path = ErrorView;
			sourceTree = "<group>";
		};
		B46CFC2727A5AEA80018A164 /* WeatherView */ = {
			isa = PBXGroup;
			children = (
				B46CFC2A27A5AEA80018A164 /* Weather.storyboard */,
				B46CFC2827A5AEA80018A164 /* WeatherViewModel.swift */,
				B46CFC2927A5AEA80018A164 /* WeatherViewController.swift */,
			);
			path = WeatherView;
			sourceTree = "<group>";
		};
		B46CFC2B27A5AEA80018A164 /* WeatherCell */ = {
			isa = PBXGroup;
			children = (
				B46CFC2C27A5AEA80018A164 /* WeatherCell.swift */,
			);
			path = WeatherCell;
			sourceTree = "<group>";
		};
		B46CFC2D27A5AEA80018A164 /* Resources */ = {
			isa = PBXGroup;
			children = (
				B46CFC2E27A5AEA80018A164 /* Localized.swift */,
				B46CFC2F27A5AEA80018A164 /* Assets.xcassets */,
				B4FB727C27A5B72700F76093 /* Weather.strings */,
				B46CFC3127A5AEA80018A164 /* LaunchScreen.storyboard */,
			);
			path = Resources;
			sourceTree = "<group>";
		};
		B46CFC3327A5AEA80018A164 /* WeatherAPI */ = {
			isa = PBXGroup;
			children = (
				B46CFC3427A5AEA80018A164 /* WeatherLoader.swift */,
				B4FB727627A5B21500F76093 /* WeatherMapper.swift */,
				B4FB727827A5B25100F76093 /* HTTPClient.swift */,
			);
			path = WeatherAPI;
			sourceTree = "<group>";
		};
		B46CFC3527A5AEA80018A164 /* Model */ = {
			isa = PBXGroup;
			children = (
				B46CFC3627A5AEA80018A164 /* ConditionType.swift */,
				B46CFC3727A5AEA80018A164 /* Weather.swift */,
			);
			path = Model;
			sourceTree = "<group>";
		};
		B4E48055278B698B00097998 = {
			isa = PBXGroup;
			children = (
				B46CFC1F27A5AEA80018A164 /* MyWeatherApp */,
				B4E4805F278B698B00097998 /* Products */,
			);
			sourceTree = "<group>";
		};
		B4E4805F278B698B00097998 /* Products */ = {
			isa = PBXGroup;
			children = (
				B4E4805E278B698B00097998 /* MyWeatherApp.app */,
			);
			name = Products;
			sourceTree = "<group>";
		};
/* End PBXGroup section */

/* Begin PBXNativeTarget section */
		B4E4805D278B698B00097998 /* MyWeatherApp */ = {
			isa = PBXNativeTarget;
			buildConfigurationList = B4E48072278B699000097998 /* Build configuration list for PBXNativeTarget "MyWeatherApp" */;
			buildPhases = (
				B4E4805A278B698B00097998 /* Sources */,
				B4E4805B278B698B00097998 /* Frameworks */,
				B4E4805C278B698B00097998 /* Resources */,
			);
			buildRules = (
			);
			dependencies = (
			);
			name = MyWeatherApp;
			productName = MyWeatherApp;
			productReference = B4E4805E278B698B00097998 /* MyWeatherApp.app */;
			productType = "com.apple.product-type.application";
		};
/* End PBXNativeTarget section */

/* Begin PBXProject section */
		B4E48056278B698B00097998 /* Project object */ = {
			isa = PBXProject;
			attributes = {
				BuildIndependentTargetsInParallel = 1;
				LastSwiftUpdateCheck = 1310;
				LastUpgradeCheck = 1310;
				TargetAttributes = {
					B4E4805D278B698B00097998 = {
						CreatedOnToolsVersion = 13.1;
					};
				};
			};
			buildConfigurationList = B4E48059278B698B00097998 /* Build configuration list for PBXProject "MyWeatherApp" */;
			compatibilityVersion = "Xcode 13.0";
			developmentRegion = en;
			hasScannedForEncodings = 0;
			knownRegions = (
				en,
				Base,
				"pt-BR",
			);
			mainGroup = B4E48055278B698B00097998;
			productRefGroup = B4E4805F278B698B00097998 /* Products */;
			projectDirPath = "";
			projectRoot = "";
			targets = (
				B4E4805D278B698B00097998 /* MyWeatherApp */,
			);
		};
/* End PBXProject section */

/* Begin PBXResourcesBuildPhase section */
		B4E4805C278B698B00097998 /* Resources */ = {
			isa = PBXResourcesBuildPhase;
			buildActionMask = 2147483647;
			files = (
				B46CFC4A27A5AEA80018A164 /* Assets.xcassets in Resources */,
				B46CFC4727A5AEA80018A164 /* Weather.storyboard in Resources */,
				B46CFC4C27A5AEA80018A164 /* LaunchScreen.storyboard in Resources */,
				B4FB727A27A5B72700F76093 /* Weather.strings in Resources */,
			);
			runOnlyForDeploymentPostprocessing = 0;
		};
/* End PBXResourcesBuildPhase section */

/* Begin PBXSourcesBuildPhase section */
		B4E4805A278B698B00097998 /* Sources */ = {
			isa = PBXSourcesBuildPhase;
			buildActionMask = 2147483647;
			files = (
				B46CFC4127A5AEA80018A164 /* MainQueueDispatchDecorator.swift in Sources */,
				B46CFC4627A5AEA80018A164 /* WeatherViewController.swift in Sources */,
				B4FB727927A5B25100F76093 /* HTTPClient.swift in Sources */,
				B46CFC4827A5AEA80018A164 /* WeatherCell.swift in Sources */,
				B4FB727727A5B21500F76093 /* WeatherMapper.swift in Sources */,
				B46CFC4527A5AEA80018A164 /* WeatherViewModel.swift in Sources */,
				B46CFC4F27A5AEA80018A164 /* Weather.swift in Sources */,
				B46CFC4427A5AEA80018A164 /* ErrorView.swift in Sources */,
				B46CFC4D27A5AEA80018A164 /* WeatherLoader.swift in Sources */,
				B46CFC5327A5AEA80018A164 /* AppDelegate.swift in Sources */,
				B46CFC4E27A5AEA80018A164 /* ConditionType.swift in Sources */,
				B46CFC4927A5AEA80018A164 /* Localized.swift in Sources */,
				B46CFC4227A5AEA80018A164 /* UIComposer.swift in Sources */,
			);
			runOnlyForDeploymentPostprocessing = 0;
		};
/* End PBXSourcesBuildPhase section */

/* Begin PBXVariantGroup section */
		B46CFC3127A5AEA80018A164 /* LaunchScreen.storyboard */ = {
			isa = PBXVariantGroup;
			children = (
				B46CFC3227A5AEA80018A164 /* Base */,
			);
			name = LaunchScreen.storyboard;
			sourceTree = "<group>";
		};
		B4FB727C27A5B72700F76093 /* Weather.strings */ = {
			isa = PBXVariantGroup;
			children = (
				B4FB727B27A5B72700F76093 /* en */,
				B4FB727D27A5B73900F76093 /* pt-BR */,
			);
			name = Weather.strings;
			sourceTree = "<group>";
		};
/* End PBXVariantGroup section */

/* Begin XCBuildConfiguration section */
		B4E48070278B699000097998 /* Debug */ = {
			isa = XCBuildConfiguration;
			buildSettings = {
				ALWAYS_SEARCH_USER_PATHS = NO;
				CLANG_ANALYZER_LOCALIZABILITY_NONLOCALIZED = YES;
				CLANG_ANALYZER_NONNULL = YES;
				CLANG_ANALYZER_NUMBER_OBJECT_CONVERSION = YES_AGGRESSIVE;
				CLANG_CXX_LANGUAGE_STANDARD = "gnu++17";
				CLANG_CXX_LIBRARY = "libc++";
				CLANG_ENABLE_MODULES = YES;
				CLANG_ENABLE_OBJC_ARC = YES;
				CLANG_ENABLE_OBJC_WEAK = YES;
				CLANG_WARN_BLOCK_CAPTURE_AUTORELEASING = YES;
				CLANG_WARN_BOOL_CONVERSION = YES;
				CLANG_WARN_COMMA = YES;
				CLANG_WARN_CONSTANT_CONVERSION = YES;
				CLANG_WARN_DEPRECATED_OBJC_IMPLEMENTATIONS = YES;
				CLANG_WARN_DIRECT_OBJC_ISA_USAGE = YES_ERROR;
				CLANG_WARN_DOCUMENTATION_COMMENTS = YES;
				CLANG_WARN_EMPTY_BODY = YES;
				CLANG_WARN_ENUM_CONVERSION = YES;
				CLANG_WARN_INFINITE_RECURSION = YES;
				CLANG_WARN_INT_CONVERSION = YES;
				CLANG_WARN_NON_LITERAL_NULL_CONVERSION = YES;
				CLANG_WARN_OBJC_IMPLICIT_RETAIN_SELF = YES;
				CLANG_WARN_OBJC_LITERAL_CONVERSION = YES;
				CLANG_WARN_OBJC_ROOT_CLASS = YES_ERROR;
				CLANG_WARN_QUOTED_INCLUDE_IN_FRAMEWORK_HEADER = YES;
				CLANG_WARN_RANGE_LOOP_ANALYSIS = YES;
				CLANG_WARN_STRICT_PROTOTYPES = YES;
				CLANG_WARN_SUSPICIOUS_MOVE = YES;
				CLANG_WARN_UNGUARDED_AVAILABILITY = YES_AGGRESSIVE;
				CLANG_WARN_UNREACHABLE_CODE = YES;
				CLANG_WARN__DUPLICATE_METHOD_MATCH = YES;
				COPY_PHASE_STRIP = NO;
				DEBUG_INFORMATION_FORMAT = dwarf;
				ENABLE_STRICT_OBJC_MSGSEND = YES;
				ENABLE_TESTABILITY = YES;
				GCC_C_LANGUAGE_STANDARD = gnu11;
				GCC_DYNAMIC_NO_PIC = NO;
				GCC_NO_COMMON_BLOCKS = YES;
				GCC_OPTIMIZATION_LEVEL = 0;
				GCC_PREPROCESSOR_DEFINITIONS = (
					"DEBUG=1",
					"$(inherited)",
				);
				GCC_WARN_64_TO_32_BIT_CONVERSION = YES;
				GCC_WARN_ABOUT_RETURN_TYPE = YES_ERROR;
				GCC_WARN_UNDECLARED_SELECTOR = YES;
				GCC_WARN_UNINITIALIZED_AUTOS = YES_AGGRESSIVE;
				GCC_WARN_UNUSED_FUNCTION = YES;
				GCC_WARN_UNUSED_VARIABLE = YES;
				IPHONEOS_DEPLOYMENT_TARGET = 15.0;
				MTL_ENABLE_DEBUG_INFO = INCLUDE_SOURCE;
				MTL_FAST_MATH = YES;
				ONLY_ACTIVE_ARCH = YES;
				SDKROOT = iphoneos;
				SWIFT_ACTIVE_COMPILATION_CONDITIONS = DEBUG;
				SWIFT_OPTIMIZATION_LEVEL = "-Onone";
			};
			name = Debug;
		};
		B4E48071278B699000097998 /* Release */ = {
			isa = XCBuildConfiguration;
			buildSettings = {
				ALWAYS_SEARCH_USER_PATHS = NO;
				CLANG_ANALYZER_LOCALIZABILITY_NONLOCALIZED = YES;
				CLANG_ANALYZER_NONNULL = YES;
				CLANG_ANALYZER_NUMBER_OBJECT_CONVERSION = YES_AGGRESSIVE;
				CLANG_CXX_LANGUAGE_STANDARD = "gnu++17";
				CLANG_CXX_LIBRARY = "libc++";
				CLANG_ENABLE_MODULES = YES;
				CLANG_ENABLE_OBJC_ARC = YES;
				CLANG_ENABLE_OBJC_WEAK = YES;
				CLANG_WARN_BLOCK_CAPTURE_AUTORELEASING = YES;
				CLANG_WARN_BOOL_CONVERSION = YES;
				CLANG_WARN_COMMA = YES;
				CLANG_WARN_CONSTANT_CONVERSION = YES;
				CLANG_WARN_DEPRECATED_OBJC_IMPLEMENTATIONS = YES;
				CLANG_WARN_DIRECT_OBJC_ISA_USAGE = YES_ERROR;
				CLANG_WARN_DOCUMENTATION_COMMENTS = YES;
				CLANG_WARN_EMPTY_BODY = YES;
				CLANG_WARN_ENUM_CONVERSION = YES;
				CLANG_WARN_INFINITE_RECURSION = YES;
				CLANG_WARN_INT_CONVERSION = YES;
				CLANG_WARN_NON_LITERAL_NULL_CONVERSION = YES;
				CLANG_WARN_OBJC_IMPLICIT_RETAIN_SELF = YES;
				CLANG_WARN_OBJC_LITERAL_CONVERSION = YES;
				CLANG_WARN_OBJC_ROOT_CLASS = YES_ERROR;
				CLANG_WARN_QUOTED_INCLUDE_IN_FRAMEWORK_HEADER = YES;
				CLANG_WARN_RANGE_LOOP_ANALYSIS = YES;
				CLANG_WARN_STRICT_PROTOTYPES = YES;
				CLANG_WARN_SUSPICIOUS_MOVE = YES;
				CLANG_WARN_UNGUARDED_AVAILABILITY = YES_AGGRESSIVE;
				CLANG_WARN_UNREACHABLE_CODE = YES;
				CLANG_WARN__DUPLICATE_METHOD_MATCH = YES;
				COPY_PHASE_STRIP = NO;
				DEBUG_INFORMATION_FORMAT = "dwarf-with-dsym";
				ENABLE_NS_ASSERTIONS = NO;
				ENABLE_STRICT_OBJC_MSGSEND = YES;
				GCC_C_LANGUAGE_STANDARD = gnu11;
				GCC_NO_COMMON_BLOCKS = YES;
				GCC_WARN_64_TO_32_BIT_CONVERSION = YES;
				GCC_WARN_ABOUT_RETURN_TYPE = YES_ERROR;
				GCC_WARN_UNDECLARED_SELECTOR = YES;
				GCC_WARN_UNINITIALIZED_AUTOS = YES_AGGRESSIVE;
				GCC_WARN_UNUSED_FUNCTION = YES;
				GCC_WARN_UNUSED_VARIABLE = YES;
				IPHONEOS_DEPLOYMENT_TARGET = 15.0;
				MTL_ENABLE_DEBUG_INFO = NO;
				MTL_FAST_MATH = YES;
				SDKROOT = iphoneos;
				SWIFT_COMPILATION_MODE = wholemodule;
				SWIFT_OPTIMIZATION_LEVEL = "-O";
				VALIDATE_PRODUCT = YES;
			};
			name = Release;
		};
		B4E48073278B699000097998 /* Debug */ = {
			isa = XCBuildConfiguration;
			buildSettings = {
				ASSETCATALOG_COMPILER_APPICON_NAME = AppIcon;
				ASSETCATALOG_COMPILER_GLOBAL_ACCENT_COLOR_NAME = AccentColor;
				CODE_SIGN_STYLE = Automatic;
				CURRENT_PROJECT_VERSION = 1;
				GENERATE_INFOPLIST_FILE = YES;
				INFOPLIST_FILE = MyWeatherApp/Info.plist;
				INFOPLIST_KEY_UIApplicationSupportsIndirectInputEvents = YES;
				INFOPLIST_KEY_UILaunchStoryboardName = LaunchScreen;
				INFOPLIST_KEY_UISupportedInterfaceOrientations_iPad = "UIInterfaceOrientationPortrait UIInterfaceOrientationPortraitUpsideDown UIInterfaceOrientationLandscapeLeft UIInterfaceOrientationLandscapeRight";
				INFOPLIST_KEY_UISupportedInterfaceOrientations_iPhone = "UIInterfaceOrientationPortrait UIInterfaceOrientationLandscapeLeft UIInterfaceOrientationLandscapeRight";
				LD_RUNPATH_SEARCH_PATHS = (
					"$(inherited)",
					"@executable_path/Frameworks",
				);
				MARKETING_VERSION = 1.0;
				PRODUCT_BUNDLE_IDENTIFIER = com.augustomontc.MyWeatherApp;
				PRODUCT_NAME = "$(TARGET_NAME)";
				SWIFT_EMIT_LOC_STRINGS = YES;
				SWIFT_VERSION = 5.0;
				TARGETED_DEVICE_FAMILY = 1;
			};
			name = Debug;
		};
		B4E48074278B699000097998 /* Release */ = {
			isa = XCBuildConfiguration;
			buildSettings = {
				ASSETCATALOG_COMPILER_APPICON_NAME = AppIcon;
				ASSETCATALOG_COMPILER_GLOBAL_ACCENT_COLOR_NAME = AccentColor;
				CODE_SIGN_STYLE = Automatic;
				CURRENT_PROJECT_VERSION = 1;
				GENERATE_INFOPLIST_FILE = YES;
				INFOPLIST_FILE = MyWeatherApp/Info.plist;
				INFOPLIST_KEY_UIApplicationSupportsIndirectInputEvents = YES;
				INFOPLIST_KEY_UILaunchStoryboardName = LaunchScreen;
				INFOPLIST_KEY_UISupportedInterfaceOrientations_iPad = "UIInterfaceOrientationPortrait UIInterfaceOrientationPortraitUpsideDown UIInterfaceOrientationLandscapeLeft UIInterfaceOrientationLandscapeRight";
				INFOPLIST_KEY_UISupportedInterfaceOrientations_iPhone = "UIInterfaceOrientationPortrait UIInterfaceOrientationLandscapeLeft UIInterfaceOrientationLandscapeRight";
				LD_RUNPATH_SEARCH_PATHS = (
					"$(inherited)",
					"@executable_path/Frameworks",
				);
				MARKETING_VERSION = 1.0;
				PRODUCT_BUNDLE_IDENTIFIER = com.augustomontc.MyWeatherApp;
				PRODUCT_NAME = "$(TARGET_NAME)";
				SWIFT_EMIT_LOC_STRINGS = YES;
				SWIFT_VERSION = 5.0;
				TARGETED_DEVICE_FAMILY = 1;
			};
			name = Release;
		};
/* End XCBuildConfiguration section */

/* Begin XCConfigurationList section */
		B4E48059278B698B00097998 /* Build configuration list for PBXProject "MyWeatherApp" */ = {
			isa = XCConfigurationList;
			buildConfigurations = (
				B4E48070278B699000097998 /* Debug */,
				B4E48071278B699000097998 /* Release */,
			);
			defaultConfigurationIsVisible = 0;
			defaultConfigurationName = Release;
		};
		B4E48072278B699000097998 /* Build configuration list for PBXNativeTarget "MyWeatherApp" */ = {
			isa = XCConfigurationList;
			buildConfigurations = (
				B4E48073278B699000097998 /* Debug */,
				B4E48074278B699000097998 /* Release */,
			);
			defaultConfigurationIsVisible = 0;
			defaultConfigurationName = Release;
		};
/* End XCConfigurationList section */
	};
	rootObject = B4E48056278B698B00097998 /* Project object */;
}
